<Solution>
  <Folder Name="/src/">
    <Project Path="src/Conduit.Api/Conduit.Api.csproj" />
    <Project Path="src/Conduit.Application/Conduit.Application.csproj" />
    <Project Path="src/Conduit.Domain/Conduit.Domain.csproj" />
    <Project Path="src/Conduit.Infrastructure/Conduit.Infrastructure.csproj" />
  </Folder>
</Solution>
